
Microsoft Visual Studio Solution File, Format Version 12.00
# Visual Studio Version 17
VisualStudioVersion = 17.9.34728.123
MinimumVisualStudioVersion = 10.0.40219.1
Project("{FAE04EC0-301F-11D3-BF4B-00C04F79EFBC}") = "Lecture1", "Lecture1\Lecture1.csproj", "{A3A40A02-68A5-49B0-B4B9-C20FEA7C1ED5}"
EndProject
Project("{FAE04EC0-301F-11D3-BF4B-00C04F79EFBC}") = "Lecture2", "Lecture2\Lecture2.csproj", "{D420A3D6-2915-46B9-B338-2D66F08263E4}"
EndProject
Global
	GlobalSection(SolutionConfigurationPlatforms) = preSolution
		Debug|Any CPU = Debug|Any CPU
		Release|Any CPU = Release|Any CPU
	EndGlobalSection
	GlobalSection(ProjectConfigurationPlatforms) = postSolution
		{A3A40A02-68A5-49B0-B4B9-C20FEA7C1ED5}.Debug|Any CPU.ActiveCfg = Debug|Any CPU
		{A3A40A02-68A5-49B0-B4B9-C20FEA7C1ED5}.Debug|Any CPU.Build.0 = Debug|Any CPU
		{A3A40A02-68A5-49B0-B4B9-C20FEA7C1ED5}.Release|Any CPU.ActiveCfg = Release|Any CPU
		{A3A40A02-68A5-49B0-B4B9-C20FEA7C1ED5}.Release|Any CPU.Build.0 = Release|Any CPU
		{D420A3D6-2915-46B9-B338-2D66F08263E4}.Debug|Any CPU.ActiveCfg = Debug|Any CPU
		{D420A3D6-2915-46B9-B338-2D66F08263E4}.Debug|Any CPU.Build.0 = Debug|Any CPU
		{D420A3D6-2915-46B9-B338-2D66F08263E4}.Release|Any CPU.ActiveCfg = Release|Any CPU
		{D420A3D6-2915-46B9-B338-2D66F08263E4}.Release|Any CPU.Build.0 = Release|Any CPU
	EndGlobalSection
	GlobalSection(SolutionProperties) = preSolution
		HideSolutionNode = FALSE
	EndGlobalSection
	GlobalSection(ExtensibilityGlobals) = postSolution
		SolutionGuid = {93B4D943-2FE3-42F1-9160-C825FB09E580}
	EndGlobalSection
EndGlobal
